{
  "nodes": {
    "flake-utils": {
      "locked": {
        "lastModified": 1659877975,
        "narHash": "sha256-zllb8aq3YO3h8B/U0/J1WBgAL8EX5yWf5pMj3G0NAmc=",
        "owner": "numtide",
        "repo": "flake-utils",
        "rev": "c0e246b9b83f637f4681389ecabcb2681b4f3af0",
        "type": "github"
      },
      "original": {
        "owner": "numtide",
        "repo": "flake-utils",
        "type": "github"
      }
    },
    "naersk": {
      "inputs": {
        "nixpkgs": "nixpkgs"
      },
      "locked": {
        "lastModified": 1671096816,
        "narHash": "sha256-ezQCsNgmpUHdZANDCILm3RvtO1xH8uujk/+EqNvzIOg=",
        "owner": "nix-community",
        "repo": "naersk",
        "rev": "d998160d6a076cfe8f9741e56aeec7e267e3e114",
        "type": "github"
      },
      "original": {
        "owner": "nix-community",
        "repo": "naersk",
        "type": "github"
      }
    },
    "nixpkgs": {
      "locked": {
        "lastModified": 1672791794,
        "narHash": "sha256-mqGPpGmwap0Wfsf3o2b6qHJW1w2kk/I6cGCGIU+3t6o=",
        "path": "/nix/store/vdgf5dg15d7l6y8cq3fwcnh7rxk23891-source",
        "rev": "9813adc7f7c0edd738c6bdd8431439688bb0cb3d",
        "type": "path"
      },
      "original": {
        "id": "nixpkgs",
        "type": "indirect"
      }
    },
    "nixpkgs_2": {
      "locked": {
        "lastModified": 1674236650,
        "narHash": "sha256-B4GKL1YdJnII6DQNNJ4wDW1ySJVx2suB1h/v4Ql8J0Q=",
        "owner": "NixOS",
        "repo": "nixpkgs",
        "rev": "cfb43ad7b941d9c3606fb35d91228da7ebddbfc5",
        "type": "github"
      },
      "original": {
        "owner": "NixOS",
        "ref": "nixpkgs-unstable",
        "repo": "nixpkgs",
        "type": "github"
      }
    },
    "nixpkgs_3": {
      "locked": {
        "lastModified": 1665296151,
        "narHash": "sha256-uOB0oxqxN9K7XGF1hcnY+PQnlQJ+3bP2vCn/+Ru/bbc=",
        "owner": "NixOS",
        "repo": "nixpkgs",
        "rev": "14ccaaedd95a488dd7ae142757884d8e125b3363",
        "type": "github"
      },
      "original": {
        "owner": "NixOS",
        "ref": "nixpkgs-unstable",
        "repo": "nixpkgs",
        "type": "github"
      }
    },
    "root": {
      "inputs": {
        "naersk": "naersk",
        "nixpkgs": "nixpkgs_2",
        "rust-overlay": "rust-overlay"
      }
    },
    "rust-overlay": {
      "inputs": {
        "flake-utils": "flake-utils",
        "nixpkgs": "nixpkgs_3"
      },
      "locked": {
        "lastModified": 1674267882,
        "narHash": "sha256-53sIczqxA5BbrhgO6l54DSisDqHvQ3UUwbSqBryA/k0=",
        "owner": "oxalica",
        "repo": "rust-overlay",
        "rev": "1fd6d280c132f4facad8cd023543fb10121e6487",
        "type": "github"
      },
      "original": {
        "owner": "oxalica",
        "repo": "rust-overlay",
        "type": "github"
      }
    }
  },
  "root": "root",
  "version": 7
}
